
Microsoft Visual Studio Solution File, Format Version 12.00
# Visual Studio 15
VisualStudioVersion = 15.0.28307.329
MinimumVisualStudioVersion = 10.0.40219.1
Project("{9A19103F-16F7-4668-BE54-9A1E7A4F7556}") = "CodeChallengeApp", "CodeChallengeApp\CodeChallengeApp.csproj", "{A750BC64-9BFC-4299-BF4F-520BC2672EB6}"
EndProject
Project("{2150E333-8FDC-42A3-9474-1A3956D46DE8}") = "Presentation", "Presentation", "{C738FF9E-25B1-4E41-990D-D9B8E591E4BD}"
EndProject
Project("{2150E333-8FDC-42A3-9474-1A3956D46DE8}") = "App-Docs", "App-Docs", "{4D7DAAAC-594D-4E97-A066-553468E9F596}"
EndProject
Project("{2150E333-8FDC-42A3-9474-1A3956D46DE8}") = "Core", "Core", "{7C45DBF7-B735-44D2-A0BD-FE6DDC6B0082}"
EndProject
Project("{9A19103F-16F7-4668-BE54-9A1E7A4F7556}") = "Product.Persistence", "Product.Persistence\Product.Persistence.csproj", "{7EB10EF0-4ABF-44F7-9BAD-EA27A769D4FD}"
EndProject
Project("{2150E333-8FDC-42A3-9474-1A3956D46DE8}") = "Tests", "Tests", "{2FF0C76E-6759-4488-8EA1-4B4105684BED}"
EndProject
Project("{FAE04EC0-301F-11D3-BF4B-00C04F79EFBC}") = "XUnitTestProject1", "XUnitTestProject1\XUnitTestProject1.csproj", "{58AC66D1-169F-48C4-90EA-59E2BA6EBEFF}"
EndProject
Global
	GlobalSection(SolutionConfigurationPlatforms) = preSolution
		Debug|Any CPU = Debug|Any CPU
		Release|Any CPU = Release|Any CPU
	EndGlobalSection
	GlobalSection(ProjectConfigurationPlatforms) = postSolution
		{A750BC64-9BFC-4299-BF4F-520BC2672EB6}.Debug|Any CPU.ActiveCfg = Debug|Any CPU
		{A750BC64-9BFC-4299-BF4F-520BC2672EB6}.Debug|Any CPU.Build.0 = Debug|Any CPU
		{A750BC64-9BFC-4299-BF4F-520BC2672EB6}.Release|Any CPU.ActiveCfg = Release|Any CPU
		{A750BC64-9BFC-4299-BF4F-520BC2672EB6}.Release|Any CPU.Build.0 = Release|Any CPU
		{7EB10EF0-4ABF-44F7-9BAD-EA27A769D4FD}.Debug|Any CPU.ActiveCfg = Debug|Any CPU
		{7EB10EF0-4ABF-44F7-9BAD-EA27A769D4FD}.Debug|Any CPU.Build.0 = Debug|Any CPU
		{7EB10EF0-4ABF-44F7-9BAD-EA27A769D4FD}.Release|Any CPU.ActiveCfg = Release|Any CPU
		{7EB10EF0-4ABF-44F7-9BAD-EA27A769D4FD}.Release|Any CPU.Build.0 = Release|Any CPU
		{58AC66D1-169F-48C4-90EA-59E2BA6EBEFF}.Debug|Any CPU.ActiveCfg = Debug|Any CPU
		{58AC66D1-169F-48C4-90EA-59E2BA6EBEFF}.Debug|Any CPU.Build.0 = Debug|Any CPU
		{58AC66D1-169F-48C4-90EA-59E2BA6EBEFF}.Release|Any CPU.ActiveCfg = Release|Any CPU
		{58AC66D1-169F-48C4-90EA-59E2BA6EBEFF}.Release|Any CPU.Build.0 = Release|Any CPU
	EndGlobalSection
	GlobalSection(SolutionProperties) = preSolution
		HideSolutionNode = FALSE
	EndGlobalSection
	GlobalSection(NestedProjects) = preSolution
		{A750BC64-9BFC-4299-BF4F-520BC2672EB6} = {C738FF9E-25B1-4E41-990D-D9B8E591E4BD}
		{7EB10EF0-4ABF-44F7-9BAD-EA27A769D4FD} = {7C45DBF7-B735-44D2-A0BD-FE6DDC6B0082}
		{58AC66D1-169F-48C4-90EA-59E2BA6EBEFF} = {2FF0C76E-6759-4488-8EA1-4B4105684BED}
	EndGlobalSection
	GlobalSection(ExtensibilityGlobals) = postSolution
		SolutionGuid = {C35CC997-058F-4AB0-8943-33EFAAE64121}
	EndGlobalSection
EndGlobal
